
Microsoft Visual Studio Solution File, Format Version 12.00
# Visual Studio Version 16
VisualStudioVersion = 16.0.30804.86
MinimumVisualStudioVersion = 10.0.40219.1
Project("{FAE04EC0-301F-11D3-BF4B-00C04F79EFBC}") = "Soru5_CEVAP", "Soru5_CEVAP\Soru5_CEVAP.csproj", "{972854F5-4894-412D-8A56-DEBCFF98B83D}"
EndProject
Global
	GlobalSection(SolutionConfigurationPlatforms) = preSolution
		Debug|Any CPU = Debug|Any CPU
		Release|Any CPU = Release|Any CPU
	EndGlobalSection
	GlobalSection(ProjectConfigurationPlatforms) = postSolution
		{972854F5-4894-412D-8A56-DEBCFF98B83D}.Debug|Any CPU.ActiveCfg = Debug|Any CPU
		{972854F5-4894-412D-8A56-DEBCFF98B83D}.Debug|Any CPU.Build.0 = Debug|Any CPU
		{972854F5-4894-412D-8A56-DEBCFF98B83D}.Release|Any CPU.ActiveCfg = Release|Any CPU
		{972854F5-4894-412D-8A56-DEBCFF98B83D}.Release|Any CPU.Build.0 = Release|Any CPU
	EndGlobalSection
	GlobalSection(SolutionProperties) = preSolution
		HideSolutionNode = FALSE
	EndGlobalSection
	GlobalSection(ExtensibilityGlobals) = postSolution
		SolutionGuid = {00A6D552-4172-4D57-ABC8-F900C5D2364B}
	EndGlobalSection
EndGlobal
